
Microsoft Visual Studio Solution File, Format Version 12.00
# Visual Studio Version 17
VisualStudioVersion = 17.6.33815.320
MinimumVisualStudioVersion = 10.0.40219.1
Project("{FAE04EC0-301F-11D3-BF4B-00C04F79EFBC}") = "CsharpCollections2", "CsharpCollections2\CsharpCollections2.csproj", "{7225F021-D98F-4B98-8B2B-15E0371C986E}"
EndProject
Global
	GlobalSection(SolutionConfigurationPlatforms) = preSolution
		Debug|Any CPU = Debug|Any CPU
		Release|Any CPU = Release|Any CPU
	EndGlobalSection
	GlobalSection(ProjectConfigurationPlatforms) = postSolution
		{7225F021-D98F-4B98-8B2B-15E0371C986E}.Debug|Any CPU.ActiveCfg = Debug|Any CPU
		{7225F021-D98F-4B98-8B2B-15E0371C986E}.Debug|Any CPU.Build.0 = Debug|Any CPU
		{7225F021-D98F-4B98-8B2B-15E0371C986E}.Release|Any CPU.ActiveCfg = Release|Any CPU
		{7225F021-D98F-4B98-8B2B-15E0371C986E}.Release|Any CPU.Build.0 = Release|Any CPU
	EndGlobalSection
	GlobalSection(SolutionProperties) = preSolution
		HideSolutionNode = FALSE
	EndGlobalSection
	GlobalSection(ExtensibilityGlobals) = postSolution
		SolutionGuid = {D8138757-9FC6-45CF-A1BF-C9801E35FD62}
	EndGlobalSection
EndGlobal
